github.com/gofrs/uuid/v5 v5.3.1 h1:aPx49MwJbekCzOyhZDjJVb0hx3A0KLjlbLx6p2gY0p0=
github.com/gofrs/uuid/v5 v5.3.1/go.mod h1:CDOjlDMVAtN56jqyRUZh58JT31Tiw7/oQyEXZV+9bD8=
golang.org/x/exp v0.0.0-20250210185358-939b2ce775ac h1:l5+whBCLH3iH2ZNHYLbAe58bo7yrN4mVcnkHDYz5vvs=
golang.org/x/exp v0.0.0-20250210185358-939b2ce775ac/go.mod h1:hH+7mtFmImwwcMvScyxUhjuVHR3HGaDPMn9rMSUUbxo=
